
Microsoft Visual Studio Solution File, Format Version 12.00
# Visual Studio 2013
VisualStudioVersion = 12.0.40629.0
MinimumVisualStudioVersion = 10.0.40219.1
Project("{FAE04EC0-301F-11D3-BF4B-00C04F79EFBC}") = "Chapter04", "Chapter04\Chapter04.csproj", "{3724DE80-39FC-4246-B8D7-0DDFF572A5D0}"
EndProject
Project("{FAE04EC0-301F-11D3-BF4B-00C04F79EFBC}") = "ModelFirst", "ModelFirst\ModelFirst.csproj", "{349B9990-5307-4F67-A3B0-6CB30972A64A}"
EndProject
Global
	GlobalSection(SolutionConfigurationPlatforms) = preSolution
		Debug|Any CPU = Debug|Any CPU
		Release|Any CPU = Release|Any CPU
	EndGlobalSection
	GlobalSection(ProjectConfigurationPlatforms) = postSolution
		{3724DE80-39FC-4246-B8D7-0DDFF572A5D0}.Debug|Any CPU.ActiveCfg = Debug|Any CPU
		{3724DE80-39FC-4246-B8D7-0DDFF572A5D0}.Debug|Any CPU.Build.0 = Debug|Any CPU
		{3724DE80-39FC-4246-B8D7-0DDFF572A5D0}.Release|Any CPU.ActiveCfg = Release|Any CPU
		{3724DE80-39FC-4246-B8D7-0DDFF572A5D0}.Release|Any CPU.Build.0 = Release|Any CPU
		{349B9990-5307-4F67-A3B0-6CB30972A64A}.Debug|Any CPU.ActiveCfg = Debug|Any CPU
		{349B9990-5307-4F67-A3B0-6CB30972A64A}.Debug|Any CPU.Build.0 = Debug|Any CPU
		{349B9990-5307-4F67-A3B0-6CB30972A64A}.Release|Any CPU.ActiveCfg = Release|Any CPU
		{349B9990-5307-4F67-A3B0-6CB30972A64A}.Release|Any CPU.Build.0 = Release|Any CPU
	EndGlobalSection
	GlobalSection(SolutionProperties) = preSolution
		HideSolutionNode = FALSE
	EndGlobalSection
EndGlobal
